
Microsoft Visual Studio Solution File, Format Version 12.00
# Visual Studio Version 17
VisualStudioVersion = 17.11.35312.102
MinimumVisualStudioVersion = 10.0.40219.1
Project("{FAE04EC0-301F-11D3-BF4B-00C04F79EFBC}") = "webcamapp", "webcamapp\webcamapp.csproj", "{D68781B2-C0A2-4F60-B72F-D5D5675C7E66}"
EndProject
Global
	GlobalSection(SolutionConfigurationPlatforms) = preSolution
		Debug|Any CPU = Debug|Any CPU
		Release|Any CPU = Release|Any CPU
	EndGlobalSection
	GlobalSection(ProjectConfigurationPlatforms) = postSolution
		{D68781B2-C0A2-4F60-B72F-D5D5675C7E66}.Debug|Any CPU.ActiveCfg = Debug|Any CPU
		{D68781B2-C0A2-4F60-B72F-D5D5675C7E66}.Debug|Any CPU.Build.0 = Debug|Any CPU
		{D68781B2-C0A2-4F60-B72F-D5D5675C7E66}.Release|Any CPU.ActiveCfg = Release|Any CPU
		{D68781B2-C0A2-4F60-B72F-D5D5675C7E66}.Release|Any CPU.Build.0 = Release|Any CPU
	EndGlobalSection
	GlobalSection(SolutionProperties) = preSolution
		HideSolutionNode = FALSE
	EndGlobalSection
	GlobalSection(ExtensibilityGlobals) = postSolution
		SolutionGuid = {9C6D7B32-601F-49E9-A480-247D81165141}
	EndGlobalSection
EndGlobal
